// !$*UTF8*$!
{
	archiveVersion = 1;
	classes = {
	};
	objectVersion = 46;
	objects = {

/* Begin PBXBuildFile section */
		34161A6D1E9AFA27007964E7 /* KeyboardNotifications.swift in Sources */ = {isa = PBXBuildFile; fileRef = 34161A6C1E9AFA26007964E7 /* KeyboardNotifications.swift */; };
		346A19631E9947CF003F3683 /* AppDelegate.swift in Sources */ = {isa = PBXBuildFile; fileRef = 346A19621E9947CF003F3683 /* AppDelegate.swift */; };
		346A19651E9947CF003F3683 /* ViewController.swift in Sources */ = {isa = PBXBuildFile; fileRef = 346A19641E9947CF003F3683 /* ViewController.swift */; };
		346A19681E9947CF003F3683 /* Main.storyboard in Resources */ = {isa = PBXBuildFile; fileRef = 346A19661E9947CF003F3683 /* Main.storyboard */; };
		346A196A1E9947CF003F3683 /* Assets.xcassets in Resources */ = {isa = PBXBuildFile; fileRef = 346A19691E9947CF003F3683 /* Assets.xcassets */; };
		346A196D1E9947CF003F3683 /* LaunchScreen.storyboard in Resources */ = {isa = PBXBuildFile; fileRef = 346A196B1E9947CF003F3683 /* LaunchScreen.storyboard */; };
		346E21BD1F006F9600F2EF28 /* StrikesView.xib in Resources */ = {isa = PBXBuildFile; fileRef = 346E21BC1F006F9600F2EF28 /* StrikesView.xib */; };
		346E21C01F0075A600F2EF28 /* small-crowd.mp3 in Resources */ = {isa = PBXBuildFile; fileRef = 346E21BE1F0075A600F2EF28 /* small-crowd.mp3 */; };
		346E21C11F0075A600F2EF28 /* sad-trombone.mp3 in Resources */ = {isa = PBXBuildFile; fileRef = 346E21BF1F0075A600F2EF28 /* sad-trombone.mp3 */; };
		3481D0111F02CE3000DC71D1 /* spark.png in Resources */ = {isa = PBXBuildFile; fileRef = 3481D00F1F02CE3000DC71D1 /* spark.png */; };
		3481D0171F02CE9A00DC71D1 /* Rainstorm.scnp in Resources */ = {isa = PBXBuildFile; fileRef = 3481D0161F02CE9A00DC71D1 /* Rainstorm.scnp */; };
		34B80EF31F00546400834748 /* Confetti.scnp in Resources */ = {isa = PBXBuildFile; fileRef = 34B80EF11F00546400834748 /* Confetti.scnp */; };
		34B80EF41F00546400834748 /* confetti.png in Resources */ = {isa = PBXBuildFile; fileRef = 34B80EF21F00546400834748 /* confetti.png */; };
		34CB3B741F5F3237004149D5 /* ResultsView.xib in Resources */ = {isa = PBXBuildFile; fileRef = 34CB3B731F5F3237004149D5 /* ResultsView.xib */; };
		34CB3B7E1F605B3D004149D5 /* BlackoutView.swift in Sources */ = {isa = PBXBuildFile; fileRef = 34CB3B7D1F605B3D004149D5 /* BlackoutView.swift */; };
		34D9E0F11F005C5B00990598 /* WinView.swift in Sources */ = {isa = PBXBuildFile; fileRef = 34D9E0F01F005C5B00990598 /* WinView.swift */; };
		34D9E0F31F005C6600990598 /* StrikesView.swift in Sources */ = {isa = PBXBuildFile; fileRef = 34D9E0F21F005C6600990598 /* StrikesView.swift */; };
		34D9E0F61F00649C00990598 /* SoundManager.swift in Sources */ = {isa = PBXBuildFile; fileRef = 34D9E0F51F00649C00990598 /* SoundManager.swift */; };
		34D9E0F81F00669500990598 /* AnimationManager.swift in Sources */ = {isa = PBXBuildFile; fileRef = 34D9E0F71F00669500990598 /* AnimationManager.swift */; };
		34D9E0FA1F00689300990598 /* GameModel.swift in Sources */ = {isa = PBXBuildFile; fileRef = 34D9E0F91F00689300990598 /* GameModel.swift */; };
		34D9E0FF1F006CD300990598 /* Alerts.swift in Sources */ = {isa = PBXBuildFile; fileRef = 34D9E0FE1F006CD300990598 /* Alerts.swift */; };
/* End PBXBuildFile section */

/* Begin PBXFileReference section */
		34161A6C1E9AFA26007964E7 /* KeyboardNotifications.swift */ = {isa = PBXFileReference; fileEncoding = 4; lastKnownFileType = sourcecode.swift; path = KeyboardNotifications.swift; sourceTree = "<group>"; };
		346A195F1E9947CF003F3683 /* GuessMyNumber.app */ = {isa = PBXFileReference; explicitFileType = wrapper.application; includeInIndex = 0; path = GuessMyNumber.app; sourceTree = BUILT_PRODUCTS_DIR; };
		346A19621E9947CF003F3683 /* AppDelegate.swift */ = {isa = PBXFileReference; lastKnownFileType = sourcecode.swift; path = AppDelegate.swift; sourceTree = "<group>"; };
		346A19641E9947CF003F3683 /* ViewController.swift */ = {isa = PBXFileReference; lastKnownFileType = sourcecode.swift; path = ViewController.swift; sourceTree = "<group>"; };
		346A19671E9947CF003F3683 /* Base */ = {isa = PBXFileReference; lastKnownFileType = file.storyboard; name = Base; path = Base.lproj/Main.storyboard; sourceTree = "<group>"; };
		346A19691E9947CF003F3683 /* Assets.xcassets */ = {isa = PBXFileReference; lastKnownFileType = folder.assetcatalog; path = Assets.xcassets; sourceTree = "<group>"; };
		346A196C1E9947CF003F3683 /* Base */ = {isa = PBXFileReference; lastKnownFileType = file.storyboard; name = Base; path = Base.lproj/LaunchScreen.storyboard; sourceTree = "<group>"; };
		346A196E1E9947CF003F3683 /* Info.plist */ = {isa = PBXFileReference; lastKnownFileType = text.plist.xml; path = Info.plist; sourceTree = "<group>"; };
		346E21BC1F006F9600F2EF28 /* StrikesView.xib */ = {isa = PBXFileReference; lastKnownFileType = file.xib; path = StrikesView.xib; sourceTree = "<group>"; };
		346E21BE1F0075A600F2EF28 /* small-crowd.mp3 */ = {isa = PBXFileReference; lastKnownFileType = audio.mp3; path = "small-crowd.mp3"; sourceTree = "<group>"; };
		346E21BF1F0075A600F2EF28 /* sad-trombone.mp3 */ = {isa = PBXFileReference; lastKnownFileType = audio.mp3; path = "sad-trombone.mp3"; sourceTree = "<group>"; };
		3481D00F1F02CE3000DC71D1 /* spark.png */ = {isa = PBXFileReference; lastKnownFileType = image.png; path = spark.png; sourceTree = "<group>"; };
		3481D0161F02CE9A00DC71D1 /* Rainstorm.scnp */ = {isa = PBXFileReference; lastKnownFileType = file.scp; path = Rainstorm.scnp; sourceTree = "<group>"; };
		34B80EF11F00546400834748 /* Confetti.scnp */ = {isa = PBXFileReference; lastKnownFileType = file.scp; path = Confetti.scnp; sourceTree = "<group>"; };
		34B80EF21F00546400834748 /* confetti.png */ = {isa = PBXFileReference; lastKnownFileType = image.png; path = confetti.png; sourceTree = "<group>"; };
		34CB3B731F5F3237004149D5 /* ResultsView.xib */ = {isa = PBXFileReference; lastKnownFileType = file.xib; path = ResultsView.xib; sourceTree = "<group>"; };
		34CB3B7D1F605B3D004149D5 /* BlackoutView.swift */ = {isa = PBXFileReference; lastKnownFileType = sourcecode.swift; path = BlackoutView.swift; sourceTree = "<group>"; };
		34D9E0F01F005C5B00990598 /* WinView.swift */ = {isa = PBXFileReference; lastKnownFileType = sourcecode.swift; path = WinView.swift; sourceTree = "<group>"; };
		34D9E0F21F005C6600990598 /* StrikesView.swift */ = {isa = PBXFileReference; lastKnownFileType = sourcecode.swift; path = StrikesView.swift; sourceTree = "<group>"; };
		34D9E0F51F00649C00990598 /* SoundManager.swift */ = {isa = PBXFileReference; lastKnownFileType = sourcecode.swift; path = SoundManager.swift; sourceTree = "<group>"; };
		34D9E0F71F00669500990598 /* AnimationManager.swift */ = {isa = PBXFileReference; lastKnownFileType = sourcecode.swift; path = AnimationManager.swift; sourceTree = "<group>"; };
		34D9E0F91F00689300990598 /* GameModel.swift */ = {isa = PBXFileReference; lastKnownFileType = sourcecode.swift; path = GameModel.swift; sourceTree = "<group>"; };
		34D9E0FE1F006CD300990598 /* Alerts.swift */ = {isa = PBXFileReference; lastKnownFileType = sourcecode.swift; path = Alerts.swift; sourceTree = "<group>"; };
/* End PBXFileReference section */

/* Begin PBXFrameworksBuildPhase section */
		346A195C1E9947CF003F3683 /* Frameworks */ = {
			isa = PBXFrameworksBuildPhase;
			buildActionMask = 2147483647;
			files = (
			);
			runOnlyForDeploymentPostprocessing = 0;
		};
/* End PBXFrameworksBuildPhase section */

/* Begin PBXGroup section */
		3402A8B01F58A0D000466612 /* Sounds */ = {
			isa = PBXGroup;
			children = (
				346E21BF1F0075A600F2EF28 /* sad-trombone.mp3 */,
				346E21BE1F0075A600F2EF28 /* small-crowd.mp3 */,
			);
			path = Sounds;
			sourceTree = "<group>";
		};
		346A19561E9947CF003F3683 = {
			isa = PBXGroup;
			children = (
				346A19611E9947CF003F3683 /* GuessMyNumber */,
				34D9E0F41F00648500990598 /* SupportingFiles */,
				346A19601E9947CF003F3683 /* Products */,
			);
			sourceTree = "<group>";
		};
		346A19601E9947CF003F3683 /* Products */ = {
			isa = PBXGroup;
			children = (
				346A195F1E9947CF003F3683 /* GuessMyNumber.app */,
			);
			name = Products;
			sourceTree = "<group>";
		};
		346A19611E9947CF003F3683 /* GuessMyNumber */ = {
			isa = PBXGroup;
			children = (
				346A19621E9947CF003F3683 /* AppDelegate.swift */,
				34D9E0FB1F00689A00990598 /* Model */,
				34D9E0FC1F0068AB00990598 /* View */,
				34D9E0FD1F0068C100990598 /* Controller */,
				34B80EF01F001C5400834748 /* Assets */,
			);
			path = GuessMyNumber;
			sourceTree = "<group>";
		};
		34B80EF01F001C5400834748 /* Assets */ = {
			isa = PBXGroup;
			children = (
				346A19661E9947CF003F3683 /* Main.storyboard */,
				34CB3B731F5F3237004149D5 /* ResultsView.xib */,
				346E21BC1F006F9600F2EF28 /* StrikesView.xib */,
				346A19691E9947CF003F3683 /* Assets.xcassets */,
				34B80EF11F00546400834748 /* Confetti.scnp */,
				34B80EF21F00546400834748 /* confetti.png */,
				346A196B1E9947CF003F3683 /* LaunchScreen.storyboard */,
				3481D00F1F02CE3000DC71D1 /* spark.png */,
				3481D0161F02CE9A00DC71D1 /* Rainstorm.scnp */,
			);
			name = Assets;
			sourceTree = "<group>";
		};
		34D9E0F41F00648500990598 /* SupportingFiles */ = {
			isa = PBXGroup;
			children = (
				3402A8B01F58A0D000466612 /* Sounds */,
				346A196E1E9947CF003F3683 /* Info.plist */,
				34D9E0F51F00649C00990598 /* SoundManager.swift */,
				34D9E0F71F00669500990598 /* AnimationManager.swift */,
			);
			path = SupportingFiles;
			sourceTree = "<group>";
		};
		34D9E0FB1F00689A00990598 /* Model */ = {
			isa = PBXGroup;
			children = (
				34D9E0F91F00689300990598 /* GameModel.swift */,
			);
			path = Model;
			sourceTree = "<group>";
		};
		34D9E0FC1F0068AB00990598 /* View */ = {
			isa = PBXGroup;
			children = (
				34D9E0FE1F006CD300990598 /* Alerts.swift */,
				34161A6C1E9AFA26007964E7 /* KeyboardNotifications.swift */,
			);
			path = View;
			sourceTree = "<group>";
		};
		34D9E0FD1F0068C100990598 /* Controller */ = {
			isa = PBXGroup;
			children = (
				346A19641E9947CF003F3683 /* ViewController.swift */,
				34D9E0F01F005C5B00990598 /* WinView.swift */,
				34D9E0F21F005C6600990598 /* StrikesView.swift */,
				34CB3B7D1F605B3D004149D5 /* BlackoutView.swift */,
			);
			path = Controller;
			sourceTree = "<group>";
		};
/* End PBXGroup section */

/* Begin PBXNativeTarget section */
		346A195E1E9947CF003F3683 /* GuessMyNumber */ = {
			isa = PBXNativeTarget;
			buildConfigurationList = 346A19711E9947CF003F3683 /* Build configuration list for PBXNativeTarget "GuessMyNumber" */;
			buildPhases = (
				346A195B1E9947CF003F3683 /* Sources */,
				346A195C1E9947CF003F3683 /* Frameworks */,
				346A195D1E9947CF003F3683 /* Resources */,
			);
			buildRules = (
			);
			dependencies = (
			);
			name = GuessMyNumber;
			productName = GuessMyNumber;
			productReference = 346A195F1E9947CF003F3683 /* GuessMyNumber.app */;
			productType = "com.apple.product-type.application";
		};
/* End PBXNativeTarget section */

/* Begin PBXProject section */
		346A19571E9947CF003F3683 /* Project object */ = {
			isa = PBXProject;
			attributes = {
				LastSwiftUpdateCheck = 0830;
				LastUpgradeCheck = 0900;
				ORGANIZATIONNAME = GhostBirdGames;
				TargetAttributes = {
					346A195E1E9947CF003F3683 = {
						CreatedOnToolsVersion = 8.3;
						DevelopmentTeam = B875NM54ML;
						LastSwiftMigration = 0900;
						ProvisioningStyle = Automatic;
					};
				};
			};
			buildConfigurationList = 346A195A1E9947CF003F3683 /* Build configuration list for PBXProject "GuessMyNumber" */;
			compatibilityVersion = "Xcode 3.2";
			developmentRegion = English;
			hasScannedForEncodings = 0;
			knownRegions = (
				en,
				Base,
			);
			mainGroup = 346A19561E9947CF003F3683;
			productRefGroup = 346A19601E9947CF003F3683 /* Products */;
			projectDirPath = "";
			projectRoot = "";
			targets = (
				346A195E1E9947CF003F3683 /* GuessMyNumber */,
			);
		};
/* End PBXProject section */

/* Begin PBXResourcesBuildPhase section */
		346A195D1E9947CF003F3683 /* Resources */ = {
			isa = PBXResourcesBuildPhase;
			buildActionMask = 2147483647;
			files = (
				3481D0111F02CE3000DC71D1 /* spark.png in Resources */,
				346A196D1E9947CF003F3683 /* LaunchScreen.storyboard in Resources */,
				34CB3B741F5F3237004149D5 /* ResultsView.xib in Resources */,
				346E21C11F0075A600F2EF28 /* sad-trombone.mp3 in Resources */,
				346E21C01F0075A600F2EF28 /* small-crowd.mp3 in Resources */,
				346A196A1E9947CF003F3683 /* Assets.xcassets in Resources */,
				3481D0171F02CE9A00DC71D1 /* Rainstorm.scnp in Resources */,
				346A19681E9947CF003F3683 /* Main.storyboard in Resources */,
				346E21BD1F006F9600F2EF28 /* StrikesView.xib in Resources */,
				34B80EF41F00546400834748 /* confetti.png in Resources */,
				34B80EF31F00546400834748 /* Confetti.scnp in Resources */,
			);
			runOnlyForDeploymentPostprocessing = 0;
		};
/* End PBXResourcesBuildPhase section */

/* Begin PBXSourcesBuildPhase section */
		346A195B1E9947CF003F3683 /* Sources */ = {
			isa = PBXSourcesBuildPhase;
			buildActionMask = 2147483647;
			files = (
				346A19651E9947CF003F3683 /* ViewController.swift in Sources */,
				34D9E0F11F005C5B00990598 /* WinView.swift in Sources */,
				34CB3B7E1F605B3D004149D5 /* BlackoutView.swift in Sources */,
				34D9E0F31F005C6600990598 /* StrikesView.swift in Sources */,
				346A19631E9947CF003F3683 /* AppDelegate.swift in Sources */,
				34D9E0F81F00669500990598 /* AnimationManager.swift in Sources */,
				34D9E0FA1F00689300990598 /* GameModel.swift in Sources */,
				34161A6D1E9AFA27007964E7 /* KeyboardNotifications.swift in Sources */,
				34D9E0FF1F006CD300990598 /* Alerts.swift in Sources */,
				34D9E0F61F00649C00990598 /* SoundManager.swift in Sources */,
			);
			runOnlyForDeploymentPostprocessing = 0;
		};
/* End PBXSourcesBuildPhase section */

/* Begin PBXVariantGroup section */
		346A19661E9947CF003F3683 /* Main.storyboard */ = {
			isa = PBXVariantGroup;
			children = (
				346A19671E9947CF003F3683 /* Base */,
			);
			name = Main.storyboard;
			sourceTree = "<group>";
		};
		346A196B1E9947CF003F3683 /* LaunchScreen.storyboard */ = {
			isa = PBXVariantGroup;
			children = (
				346A196C1E9947CF003F3683 /* Base */,
			);
			name = LaunchScreen.storyboard;
			sourceTree = "<group>";
		};
/* End PBXVariantGroup section */

/* Begin XCBuildConfiguration section */
		346A196F1E9947CF003F3683 /* Debug */ = {
			isa = XCBuildConfiguration;
			buildSettings = {
				ALWAYS_SEARCH_USER_PATHS = NO;
				CLANG_ANALYZER_NONNULL = YES;
				CLANG_ANALYZER_NUMBER_OBJECT_CONVERSION = YES_AGGRESSIVE;
				CLANG_CXX_LANGUAGE_STANDARD = "gnu++0x";
				CLANG_CXX_LIBRARY = "libc++";
				CLANG_ENABLE_MODULES = YES;
				CLANG_ENABLE_OBJC_ARC = YES;
				CLANG_WARN_BLOCK_CAPTURE_AUTORELEASING = YES;
				CLANG_WARN_BOOL_CONVERSION = YES;
				CLANG_WARN_COMMA = YES;
				CLANG_WARN_CONSTANT_CONVERSION = YES;
				CLANG_WARN_DIRECT_OBJC_ISA_USAGE = YES_ERROR;
				CLANG_WARN_DOCUMENTATION_COMMENTS = YES;
				CLANG_WARN_EMPTY_BODY = YES;
				CLANG_WARN_ENUM_CONVERSION = YES;
				CLANG_WARN_INFINITE_RECURSION = YES;
				CLANG_WARN_INT_CONVERSION = YES;
				CLANG_WARN_NON_LITERAL_NULL_CONVERSION = YES;
				CLANG_WARN_OBJC_LITERAL_CONVERSION = YES;
				CLANG_WARN_OBJC_ROOT_CLASS = YES_ERROR;
				CLANG_WARN_RANGE_LOOP_ANALYSIS = YES;
				CLANG_WARN_STRICT_PROTOTYPES = YES;
				CLANG_WARN_SUSPICIOUS_MOVE = YES;
				CLANG_WARN_UNREACHABLE_CODE = YES;
				CLANG_WARN__DUPLICATE_METHOD_MATCH = YES;
				"CODE_SIGN_IDENTITY[sdk=iphoneos*]" = "iPhone Developer";
				COPY_PHASE_STRIP = NO;
				DEBUG_INFORMATION_FORMAT = dwarf;
				ENABLE_STRICT_OBJC_MSGSEND = YES;
				ENABLE_TESTABILITY = YES;
				GCC_C_LANGUAGE_STANDARD = gnu99;
				GCC_DYNAMIC_NO_PIC = NO;
				GCC_NO_COMMON_BLOCKS = YES;
				GCC_OPTIMIZATION_LEVEL = 0;
				GCC_PREPROCESSOR_DEFINITIONS = (
					"DEBUG=1",
					"$(inherited)",
				);
				GCC_WARN_64_TO_32_BIT_CONVERSION = YES;
				GCC_WARN_ABOUT_RETURN_TYPE = YES_ERROR;
				GCC_WARN_UNDECLARED_SELECTOR = YES;
				GCC_WARN_UNINITIALIZED_AUTOS = YES_AGGRESSIVE;
				GCC_WARN_UNUSED_FUNCTION = YES;
				GCC_WARN_UNUSED_VARIABLE = YES;
				IPHONEOS_DEPLOYMENT_TARGET = 10.3;
				MTL_ENABLE_DEBUG_INFO = YES;
				ONLY_ACTIVE_ARCH = YES;
				SDKROOT = iphoneos;
				SWIFT_ACTIVE_COMPILATION_CONDITIONS = DEBUG;
				SWIFT_OPTIMIZATION_LEVEL = "-Onone";
				TARGETED_DEVICE_FAMILY = "1,2";
			};
			name = Debug;
		};
		346A19701E9947CF003F3683 /* Release */ = {
			isa = XCBuildConfiguration;
			buildSettings = {
				ALWAYS_SEARCH_USER_PATHS = NO;
				CLANG_ANALYZER_NONNULL = YES;
				CLANG_ANALYZER_NUMBER_OBJECT_CONVERSION = YES_AGGRESSIVE;
				CLANG_CXX_LANGUAGE_STANDARD = "gnu++0x";
				CLANG_CXX_LIBRARY = "libc++";
				CLANG_ENABLE_MODULES = YES;
				CLANG_ENABLE_OBJC_ARC = YES;
				CLANG_WARN_BLOCK_CAPTURE_AUTORELEASING = YES;
				CLANG_WARN_BOOL_CONVERSION = YES;
				CLANG_WARN_COMMA = YES;
				CLANG_WARN_CONSTANT_CONVERSION = YES;
				CLANG_WARN_DIRECT_OBJC_ISA_USAGE = YES_ERROR;
				CLANG_WARN_DOCUMENTATION_COMMENTS = YES;
				CLANG_WARN_EMPTY_BODY = YES;
				CLANG_WARN_ENUM_CONVERSION = YES;
				CLANG_WARN_INFINITE_RECURSION = YES;
				CLANG_WARN_INT_CONVERSION = YES;
				CLANG_WARN_NON_LITERAL_NULL_CONVERSION = YES;
				CLANG_WARN_OBJC_LITERAL_CONVERSION = YES;
				CLANG_WARN_OBJC_ROOT_CLASS = YES_ERROR;
				CLANG_WARN_RANGE_LOOP_ANALYSIS = YES;
				CLANG_WARN_STRICT_PROTOTYPES = YES;
				CLANG_WARN_SUSPICIOUS_MOVE = YES;
				CLANG_WARN_UNREACHABLE_CODE = YES;
				CLANG_WARN__DUPLICATE_METHOD_MATCH = YES;
				"CODE_SIGN_IDENTITY[sdk=iphoneos*]" = "iPhone Developer";
				COPY_PHASE_STRIP = NO;
				DEBUG_INFORMATION_FORMAT = "dwarf-with-dsym";
				ENABLE_NS_ASSERTIONS = NO;
				ENABLE_STRICT_OBJC_MSGSEND = YES;
				GCC_C_LANGUAGE_STANDARD = gnu99;
				GCC_NO_COMMON_BLOCKS = YES;
				GCC_WARN_64_TO_32_BIT_CONVERSION = YES;
				GCC_WARN_ABOUT_RETURN_TYPE = YES_ERROR;
				GCC_WARN_UNDECLARED_SELECTOR = YES;
				GCC_WARN_UNINITIALIZED_AUTOS = YES_AGGRESSIVE;
				GCC_WARN_UNUSED_FUNCTION = YES;
				GCC_WARN_UNUSED_VARIABLE = YES;
				IPHONEOS_DEPLOYMENT_TARGET = 10.3;
				MTL_ENABLE_DEBUG_INFO = NO;
				SDKROOT = iphoneos;
				SWIFT_OPTIMIZATION_LEVEL = "-Owholemodule";
				TARGETED_DEVICE_FAMILY = "1,2";
				VALIDATE_PRODUCT = YES;
			};
			name = Release;
		};
		346A19721E9947CF003F3683 /* Debug */ = {
			isa = XCBuildConfiguration;
			buildSettings = {
				ASSETCATALOG_COMPILER_APPICON_NAME = AppIcon;
				DEVELOPMENT_TEAM = B875NM54ML;
				INFOPLIST_FILE = "$(SRCROOT)/SupportingFiles/Info.plist";
				IPHONEOS_DEPLOYMENT_TARGET = 10.3;
				LD_RUNPATH_SEARCH_PATHS = "$(inherited) @executable_path/Frameworks";
				PRODUCT_BUNDLE_IDENTIFIER = com.ghostbirdgames.GuessMyNumber;
				PRODUCT_NAME = "$(TARGET_NAME)";
				SWIFT_SWIFT3_OBJC_INFERENCE = Off;
				SWIFT_VERSION = 4.0;
			};
			name = Debug;
		};
		346A19731E9947CF003F3683 /* Release */ = {
			isa = XCBuildConfiguration;
			buildSettings = {
				ASSETCATALOG_COMPILER_APPICON_NAME = AppIcon;
				DEVELOPMENT_TEAM = B875NM54ML;
				INFOPLIST_FILE = "$(SRCROOT)/SupportingFiles/Info.plist";
				IPHONEOS_DEPLOYMENT_TARGET = 10.3;
				LD_RUNPATH_SEARCH_PATHS = "$(inherited) @executable_path/Frameworks";
				PRODUCT_BUNDLE_IDENTIFIER = com.ghostbirdgames.GuessMyNumber;
				PRODUCT_NAME = "$(TARGET_NAME)";
				SWIFT_SWIFT3_OBJC_INFERENCE = Off;
				SWIFT_VERSION = 4.0;
			};
			name = Release;
		};
/* End XCBuildConfiguration section */

/* Begin XCConfigurationList section */
		346A195A1E9947CF003F3683 /* Build configuration list for PBXProject "GuessMyNumber" */ = {
			isa = XCConfigurationList;
			buildConfigurations = (
				346A196F1E9947CF003F3683 /* Debug */,
				346A19701E9947CF003F3683 /* Release */,
			);
			defaultConfigurationIsVisible = 0;
			defaultConfigurationName = Release;
		};
		346A19711E9947CF003F3683 /* Build configuration list for PBXNativeTarget "GuessMyNumber" */ = {
			isa = XCConfigurationList;
			buildConfigurations = (
				346A19721E9947CF003F3683 /* Debug */,
				346A19731E9947CF003F3683 /* Release */,
			);
			defaultConfigurationIsVisible = 0;
			defaultConfigurationName = Release;
		};
/* End XCConfigurationList section */
	};
	rootObject = 346A19571E9947CF003F3683 /* Project object */;
}
